// !$*UTF8*$!
{
	archiveVersion = 1;
	classes = {
	};
	objectVersion = 56;
	objects = {

/* Begin PBXBuildFile section */
		D18A4F302C34CA010001D7E8 /* CategoryListViewController.swift in Sources */ = {isa = PBXBuildFile; fileRef = D18A4F2F2C34CA010001D7E8 /* CategoryListViewController.swift */; };
		D18A4F322C34CBAD0001D7E8 /* Extension+UIButton.swift in Sources */ = {isa = PBXBuildFile; fileRef = D18A4F312C34CBAD0001D7E8 /* Extension+UIButton.swift */; };
		D18A4F342C34CD7D0001D7E8 /* CategoryListDelegate.swift in Sources */ = {isa = PBXBuildFile; fileRef = D18A4F332C34CD7D0001D7E8 /* CategoryListDelegate.swift */; };
		D18A4F3D2C34DFF10001D7E8 /* CategoryListCollectionViewCell.swift in Sources */ = {isa = PBXBuildFile; fileRef = D18A4F3C2C34DFF10001D7E8 /* CategoryListCollectionViewCell.swift */; };
		D18A4F3F2C34E0540001D7E8 /* BaseCollectionViewCell.swift in Sources */ = {isa = PBXBuildFile; fileRef = D18A4F3E2C34E0540001D7E8 /* BaseCollectionViewCell.swift */; };
		D18A4F412C3516E20001D7E8 /* CategoryList.swift in Sources */ = {isa = PBXBuildFile; fileRef = D18A4F402C3516E20001D7E8 /* CategoryList.swift */; };
		D18A4F442C35289B0001D7E8 /* TagViewController.swift in Sources */ = {isa = PBXBuildFile; fileRef = D18A4F432C35289B0001D7E8 /* TagViewController.swift */; };
		D18A4F462C352CFC0001D7E8 /* TagDelegate.swift in Sources */ = {isa = PBXBuildFile; fileRef = D18A4F452C352CFC0001D7E8 /* TagDelegate.swift */; };
		D18A4F492C35356B0001D7E8 /* PriorityViewController.swift in Sources */ = {isa = PBXBuildFile; fileRef = D18A4F482C35356B0001D7E8 /* PriorityViewController.swift */; };
		D18A4F4B2C3535A30001D7E8 /* BaseViewController.swift in Sources */ = {isa = PBXBuildFile; fileRef = D18A4F4A2C3535A30001D7E8 /* BaseViewController.swift */; };
		D18A4F4E2C3538FD0001D7E8 /* PriorityDelegate.swift in Sources */ = {isa = PBXBuildFile; fileRef = D18A4F4D2C3538FD0001D7E8 /* PriorityDelegate.swift */; };
		D18A4F502C3539C00001D7E8 /* Priority.swift in Sources */ = {isa = PBXBuildFile; fileRef = D18A4F4F2C3539C00001D7E8 /* Priority.swift */; };
		D18A4F532C35480B0001D7E8 /* DetailView.swift in Sources */ = {isa = PBXBuildFile; fileRef = D18A4F522C35480B0001D7E8 /* DetailView.swift */; };
		D18A4F552C3548300001D7E8 /* DetailViewController.swift in Sources */ = {isa = PBXBuildFile; fileRef = D18A4F542C3548300001D7E8 /* DetailViewController.swift */; };
		D18A4F5C2C3671130001D7E8 /* TodoRepository.swift in Sources */ = {isa = PBXBuildFile; fileRef = D18A4F5B2C3671130001D7E8 /* TodoRepository.swift */; };
		D18A4F602C368E210001D7E8 /* Extension+FileManager.swift in Sources */ = {isa = PBXBuildFile; fileRef = D18A4F5F2C368E210001D7E8 /* Extension+FileManager.swift */; };
		D18A4F632C36A3660001D7E8 /* CalendarView.swift in Sources */ = {isa = PBXBuildFile; fileRef = D18A4F622C36A3660001D7E8 /* CalendarView.swift */; };
		D18A4F652C36A3740001D7E8 /* CalendarViewController.swift in Sources */ = {isa = PBXBuildFile; fileRef = D18A4F642C36A3740001D7E8 /* CalendarViewController.swift */; };
		D18A4F682C36A3C90001D7E8 /* FSCalendar in Frameworks */ = {isa = PBXBuildFile; productRef = D18A4F672C36A3C90001D7E8 /* FSCalendar */; };
		D1E587FA2C33E28200F3E452 /* AppDelegate.swift in Sources */ = {isa = PBXBuildFile; fileRef = D1E587F92C33E28200F3E452 /* AppDelegate.swift */; };
		D1E587FC2C33E28200F3E452 /* SceneDelegate.swift in Sources */ = {isa = PBXBuildFile; fileRef = D1E587FB2C33E28200F3E452 /* SceneDelegate.swift */; };
		D1E587FE2C33E28200F3E452 /* ListViewController.swift in Sources */ = {isa = PBXBuildFile; fileRef = D1E587FD2C33E28200F3E452 /* ListViewController.swift */; };
		D1E588032C33E28300F3E452 /* Assets.xcassets in Resources */ = {isa = PBXBuildFile; fileRef = D1E588022C33E28300F3E452 /* Assets.xcassets */; };
		D1E588062C33E28300F3E452 /* Base in Resources */ = {isa = PBXBuildFile; fileRef = D1E588052C33E28300F3E452 /* Base */; };
		D1E5880F2C33E41500F3E452 /* BaseView.swift in Sources */ = {isa = PBXBuildFile; fileRef = D1E5880E2C33E41500F3E452 /* BaseView.swift */; };
		D1E588122C33E48500F3E452 /* ListView.swift in Sources */ = {isa = PBXBuildFile; fileRef = D1E588112C33E48500F3E452 /* ListView.swift */; };
		D1E588142C33E4EA00F3E452 /* BaseTableViewCell.swift in Sources */ = {isa = PBXBuildFile; fileRef = D1E588132C33E4EA00F3E452 /* BaseTableViewCell.swift */; };
		D1E588172C33E58300F3E452 /* RealmSwift in Frameworks */ = {isa = PBXBuildFile; productRef = D1E588162C33E58300F3E452 /* RealmSwift */; };
		D1E5881A2C33E58E00F3E452 /* SnapKit in Frameworks */ = {isa = PBXBuildFile; productRef = D1E588192C33E58E00F3E452 /* SnapKit */; };
		D1E5881D2C33E5A000F3E452 /* Toast in Frameworks */ = {isa = PBXBuildFile; productRef = D1E5881C2C33E5A000F3E452 /* Toast */; };
		D1E5881F2C33E5B400F3E452 /* ListTableViewCell.swift in Sources */ = {isa = PBXBuildFile; fileRef = D1E5881E2C33E5B400F3E452 /* ListTableViewCell.swift */; };
		D1E588222C33E5CD00F3E452 /* ReuseIdentifier.swift in Sources */ = {isa = PBXBuildFile; fileRef = D1E588212C33E5CD00F3E452 /* ReuseIdentifier.swift */; };
		D1E588282C33E91000F3E452 /* RealmModel.swift in Sources */ = {isa = PBXBuildFile; fileRef = D1E588272C33E91000F3E452 /* RealmModel.swift */; };
		D1E5882B2C33ECEC00F3E452 /* RegisterViewController.swift in Sources */ = {isa = PBXBuildFile; fileRef = D1E5882A2C33ECEC00F3E452 /* RegisterViewController.swift */; };
		D1E5882D2C33ED7B00F3E452 /* RegisterView.swift in Sources */ = {isa = PBXBuildFile; fileRef = D1E5882C2C33ED7B00F3E452 /* RegisterView.swift */; };
		D1E5882F2C33F08200F3E452 /* RegisterTableViewCell.swift in Sources */ = {isa = PBXBuildFile; fileRef = D1E5882E2C33F08200F3E452 /* RegisterTableViewCell.swift */; };
		D1E588322C33FC9400F3E452 /* Extension+UIViewController.swift in Sources */ = {isa = PBXBuildFile; fileRef = D1E588312C33FC9400F3E452 /* Extension+UIViewController.swift */; };
		D1E588362C34075900F3E452 /* DateViewController.swift in Sources */ = {isa = PBXBuildFile; fileRef = D1E588352C34075900F3E452 /* DateViewController.swift */; };
		D1E588382C3409EC00F3E452 /* DatePickerDelegate.swift in Sources */ = {isa = PBXBuildFile; fileRef = D1E588372C3409EC00F3E452 /* DatePickerDelegate.swift */; };
		D1E5883B2C34C28A00F3E452 /* RegisterOptions.swift in Sources */ = {isa = PBXBuildFile; fileRef = D1E5883A2C34C28A00F3E452 /* RegisterOptions.swift */; };
		D1E5883E2C34C79100F3E452 /* CategoryListView.swift in Sources */ = {isa = PBXBuildFile; fileRef = D1E5883D2C34C79100F3E452 /* CategoryListView.swift */; };
/* End PBXBuildFile section */

/* Begin PBXFileReference section */
		D18A4F2F2C34CA010001D7E8 /* CategoryListViewController.swift */ = {isa = PBXFileReference; lastKnownFileType = sourcecode.swift; path = CategoryListViewController.swift; sourceTree = "<group>"; };
		D18A4F312C34CBAD0001D7E8 /* Extension+UIButton.swift */ = {isa = PBXFileReference; lastKnownFileType = sourcecode.swift; path = "Extension+UIButton.swift"; sourceTree = "<group>"; };
		D18A4F332C34CD7D0001D7E8 /* CategoryListDelegate.swift */ = {isa = PBXFileReference; lastKnownFileType = sourcecode.swift; path = CategoryListDelegate.swift; sourceTree = "<group>"; };
		D18A4F3C2C34DFF10001D7E8 /* CategoryListCollectionViewCell.swift */ = {isa = PBXFileReference; lastKnownFileType = sourcecode.swift; path = CategoryListCollectionViewCell.swift; sourceTree = "<group>"; };
		D18A4F3E2C34E0540001D7E8 /* BaseCollectionViewCell.swift */ = {isa = PBXFileReference; lastKnownFileType = sourcecode.swift; path = BaseCollectionViewCell.swift; sourceTree = "<group>"; };
		D18A4F402C3516E20001D7E8 /* CategoryList.swift */ = {isa = PBXFileReference; lastKnownFileType = sourcecode.swift; path = CategoryList.swift; sourceTree = "<group>"; };
		D18A4F432C35289B0001D7E8 /* TagViewController.swift */ = {isa = PBXFileReference; lastKnownFileType = sourcecode.swift; path = TagViewController.swift; sourceTree = "<group>"; };
		D18A4F452C352CFC0001D7E8 /* TagDelegate.swift */ = {isa = PBXFileReference; lastKnownFileType = sourcecode.swift; path = TagDelegate.swift; sourceTree = "<group>"; };
		D18A4F482C35356B0001D7E8 /* PriorityViewController.swift */ = {isa = PBXFileReference; lastKnownFileType = sourcecode.swift; path = PriorityViewController.swift; sourceTree = "<group>"; };
		D18A4F4A2C3535A30001D7E8 /* BaseViewController.swift */ = {isa = PBXFileReference; lastKnownFileType = sourcecode.swift; path = BaseViewController.swift; sourceTree = "<group>"; };
		D18A4F4D2C3538FD0001D7E8 /* PriorityDelegate.swift */ = {isa = PBXFileReference; lastKnownFileType = sourcecode.swift; path = PriorityDelegate.swift; sourceTree = "<group>"; };
		D18A4F4F2C3539C00001D7E8 /* Priority.swift */ = {isa = PBXFileReference; lastKnownFileType = sourcecode.swift; path = Priority.swift; sourceTree = "<group>"; };
		D18A4F522C35480B0001D7E8 /* DetailView.swift */ = {isa = PBXFileReference; lastKnownFileType = sourcecode.swift; path = DetailView.swift; sourceTree = "<group>"; };
		D18A4F542C3548300001D7E8 /* DetailViewController.swift */ = {isa = PBXFileReference; lastKnownFileType = sourcecode.swift; path = DetailViewController.swift; sourceTree = "<group>"; };
		D18A4F5B2C3671130001D7E8 /* TodoRepository.swift */ = {isa = PBXFileReference; lastKnownFileType = sourcecode.swift; path = TodoRepository.swift; sourceTree = "<group>"; };
		D18A4F5F2C368E210001D7E8 /* Extension+FileManager.swift */ = {isa = PBXFileReference; lastKnownFileType = sourcecode.swift; path = "Extension+FileManager.swift"; sourceTree = "<group>"; };
		D18A4F622C36A3660001D7E8 /* CalendarView.swift */ = {isa = PBXFileReference; lastKnownFileType = sourcecode.swift; path = CalendarView.swift; sourceTree = "<group>"; };
		D18A4F642C36A3740001D7E8 /* CalendarViewController.swift */ = {isa = PBXFileReference; lastKnownFileType = sourcecode.swift; path = CalendarViewController.swift; sourceTree = "<group>"; };
		D1E587F62C33E28200F3E452 /* RealmDatabasePractice.app */ = {isa = PBXFileReference; explicitFileType = wrapper.application; includeInIndex = 0; path = RealmDatabasePractice.app; sourceTree = BUILT_PRODUCTS_DIR; };
		D1E587F92C33E28200F3E452 /* AppDelegate.swift */ = {isa = PBXFileReference; lastKnownFileType = sourcecode.swift; path = AppDelegate.swift; sourceTree = "<group>"; };
		D1E587FB2C33E28200F3E452 /* SceneDelegate.swift */ = {isa = PBXFileReference; lastKnownFileType = sourcecode.swift; path = SceneDelegate.swift; sourceTree = "<group>"; };
		D1E587FD2C33E28200F3E452 /* ListViewController.swift */ = {isa = PBXFileReference; lastKnownFileType = sourcecode.swift; path = ListViewController.swift; sourceTree = "<group>"; };
		D1E588022C33E28300F3E452 /* Assets.xcassets */ = {isa = PBXFileReference; lastKnownFileType = folder.assetcatalog; path = Assets.xcassets; sourceTree = "<group>"; };
		D1E588052C33E28300F3E452 /* Base */ = {isa = PBXFileReference; lastKnownFileType = file.storyboard; name = Base; path = Base.lproj/LaunchScreen.storyboard; sourceTree = "<group>"; };
		D1E588072C33E28300F3E452 /* Info.plist */ = {isa = PBXFileReference; lastKnownFileType = text.plist.xml; path = Info.plist; sourceTree = "<group>"; };
		D1E5880E2C33E41500F3E452 /* BaseView.swift */ = {isa = PBXFileReference; lastKnownFileType = sourcecode.swift; path = BaseView.swift; sourceTree = "<group>"; };
		D1E588112C33E48500F3E452 /* ListView.swift */ = {isa = PBXFileReference; lastKnownFileType = sourcecode.swift; path = ListView.swift; sourceTree = "<group>"; };
		D1E588132C33E4EA00F3E452 /* BaseTableViewCell.swift */ = {isa = PBXFileReference; lastKnownFileType = sourcecode.swift; path = BaseTableViewCell.swift; sourceTree = "<group>"; };
		D1E5881E2C33E5B400F3E452 /* ListTableViewCell.swift */ = {isa = PBXFileReference; lastKnownFileType = sourcecode.swift; path = ListTableViewCell.swift; sourceTree = "<group>"; };
		D1E588212C33E5CD00F3E452 /* ReuseIdentifier.swift */ = {isa = PBXFileReference; lastKnownFileType = sourcecode.swift; path = ReuseIdentifier.swift; sourceTree = "<group>"; };
		D1E588272C33E91000F3E452 /* RealmModel.swift */ = {isa = PBXFileReference; lastKnownFileType = sourcecode.swift; path = RealmModel.swift; sourceTree = "<group>"; };
		D1E5882A2C33ECEC00F3E452 /* RegisterViewController.swift */ = {isa = PBXFileReference; lastKnownFileType = sourcecode.swift; path = RegisterViewController.swift; sourceTree = "<group>"; };
		D1E5882C2C33ED7B00F3E452 /* RegisterView.swift */ = {isa = PBXFileReference; lastKnownFileType = sourcecode.swift; path = RegisterView.swift; sourceTree = "<group>"; };
		D1E5882E2C33F08200F3E452 /* RegisterTableViewCell.swift */ = {isa = PBXFileReference; lastKnownFileType = sourcecode.swift; path = RegisterTableViewCell.swift; sourceTree = "<group>"; };
		D1E588312C33FC9400F3E452 /* Extension+UIViewController.swift */ = {isa = PBXFileReference; lastKnownFileType = sourcecode.swift; path = "Extension+UIViewController.swift"; sourceTree = "<group>"; };
		D1E588352C34075900F3E452 /* DateViewController.swift */ = {isa = PBXFileReference; lastKnownFileType = sourcecode.swift; path = DateViewController.swift; sourceTree = "<group>"; };
		D1E588372C3409EC00F3E452 /* DatePickerDelegate.swift */ = {isa = PBXFileReference; lastKnownFileType = sourcecode.swift; path = DatePickerDelegate.swift; sourceTree = "<group>"; };
		D1E5883A2C34C28A00F3E452 /* RegisterOptions.swift */ = {isa = PBXFileReference; lastKnownFileType = sourcecode.swift; path = RegisterOptions.swift; sourceTree = "<group>"; };
		D1E5883D2C34C79100F3E452 /* CategoryListView.swift */ = {isa = PBXFileReference; lastKnownFileType = sourcecode.swift; path = CategoryListView.swift; sourceTree = "<group>"; };
/* End PBXFileReference section */

/* Begin PBXFrameworksBuildPhase section */
		D1E587F32C33E28200F3E452 /* Frameworks */ = {
			isa = PBXFrameworksBuildPhase;
			buildActionMask = 2147483647;
			files = (
				D1E5881D2C33E5A000F3E452 /* Toast in Frameworks */,
				D18A4F682C36A3C90001D7E8 /* FSCalendar in Frameworks */,
				D1E588172C33E58300F3E452 /* RealmSwift in Frameworks */,
				D1E5881A2C33E58E00F3E452 /* SnapKit in Frameworks */,
			);
			runOnlyForDeploymentPostprocessing = 0;
		};
/* End PBXFrameworksBuildPhase section */

/* Begin PBXGroup section */
		D18A4F422C3528910001D7E8 /* Tag */ = {
			isa = PBXGroup;
			children = (
				D18A4F432C35289B0001D7E8 /* TagViewController.swift */,
			);
			path = Tag;
			sourceTree = "<group>";
		};
		D18A4F472C35355D0001D7E8 /* Priority */ = {
			isa = PBXGroup;
			children = (
				D18A4F482C35356B0001D7E8 /* PriorityViewController.swift */,
			);
			path = Priority;
			sourceTree = "<group>";
		};
		D18A4F4C2C3535EB0001D7E8 /* DatePicker */ = {
			isa = PBXGroup;
			children = (
				D1E588352C34075900F3E452 /* DateViewController.swift */,
			);
			path = DatePicker;
			sourceTree = "<group>";
		};
		D18A4F512C3548010001D7E8 /* Detail */ = {
			isa = PBXGroup;
			children = (
				D18A4F522C35480B0001D7E8 /* DetailView.swift */,
				D18A4F542C3548300001D7E8 /* DetailViewController.swift */,
			);
			path = Detail;
			sourceTree = "<group>";
		};
		D18A4F612C36A35E0001D7E8 /* Calendar */ = {
			isa = PBXGroup;
			children = (
				D18A4F622C36A3660001D7E8 /* CalendarView.swift */,
				D18A4F642C36A3740001D7E8 /* CalendarViewController.swift */,
			);
			path = Calendar;
			sourceTree = "<group>";
		};
		D1E587ED2C33E28200F3E452 = {
			isa = PBXGroup;
			children = (
				D1E587F82C33E28200F3E452 /* RealmDatabasePractice */,
				D1E587F72C33E28200F3E452 /* Products */,
			);
			sourceTree = "<group>";
		};
		D1E587F72C33E28200F3E452 /* Products */ = {
			isa = PBXGroup;
			children = (
				D1E587F62C33E28200F3E452 /* RealmDatabasePractice.app */,
			);
			name = Products;
			sourceTree = "<group>";
		};
		D1E587F82C33E28200F3E452 /* RealmDatabasePractice */ = {
			isa = PBXGroup;
			children = (
				D18A4F612C36A35E0001D7E8 /* Calendar */,
				D18A4F512C3548010001D7E8 /* Detail */,
				D18A4F4C2C3535EB0001D7E8 /* DatePicker */,
				D18A4F472C35355D0001D7E8 /* Priority */,
				D18A4F422C3528910001D7E8 /* Tag */,
				D1E5883C2C34C77800F3E452 /* CategoryList */,
				D1E588392C34C28100F3E452 /* Enum */,
				D1E588302C33FC8800F3E452 /* Extension */,
				D1E588292C33ECD400F3E452 /* Register */,
				D1E588262C33E8FC00F3E452 /* Database */,
				D1E588202C33E5C200F3E452 /* Protocol */,
				D1E588102C33E47A00F3E452 /* List */,
				D1E5880D2C33E40700F3E452 /* Base */,
				D1E587F92C33E28200F3E452 /* AppDelegate.swift */,
				D1E587FB2C33E28200F3E452 /* SceneDelegate.swift */,
				D1E588022C33E28300F3E452 /* Assets.xcassets */,
				D1E588042C33E28300F3E452 /* LaunchScreen.storyboard */,
				D1E588072C33E28300F3E452 /* Info.plist */,
			);
			path = RealmDatabasePractice;
			sourceTree = "<group>";
		};
		D1E5880D2C33E40700F3E452 /* Base */ = {
			isa = PBXGroup;
			children = (
				D1E5880E2C33E41500F3E452 /* BaseView.swift */,
				D1E588132C33E4EA00F3E452 /* BaseTableViewCell.swift */,
				D18A4F3E2C34E0540001D7E8 /* BaseCollectionViewCell.swift */,
				D18A4F4A2C3535A30001D7E8 /* BaseViewController.swift */,
			);
			path = Base;
			sourceTree = "<group>";
		};
		D1E588102C33E47A00F3E452 /* List */ = {
			isa = PBXGroup;
			children = (
				D1E587FD2C33E28200F3E452 /* ListViewController.swift */,
				D1E588112C33E48500F3E452 /* ListView.swift */,
				D1E5881E2C33E5B400F3E452 /* ListTableViewCell.swift */,
			);
			path = List;
			sourceTree = "<group>";
		};
		D1E588202C33E5C200F3E452 /* Protocol */ = {
			isa = PBXGroup;
			children = (
				D1E588212C33E5CD00F3E452 /* ReuseIdentifier.swift */,
				D1E588372C3409EC00F3E452 /* DatePickerDelegate.swift */,
				D18A4F332C34CD7D0001D7E8 /* CategoryListDelegate.swift */,
				D18A4F452C352CFC0001D7E8 /* TagDelegate.swift */,
				D18A4F4D2C3538FD0001D7E8 /* PriorityDelegate.swift */,
			);
			path = Protocol;
			sourceTree = "<group>";
		};
		D1E588262C33E8FC00F3E452 /* Database */ = {
			isa = PBXGroup;
			children = (
				D1E588272C33E91000F3E452 /* RealmModel.swift */,
				D18A4F5B2C3671130001D7E8 /* TodoRepository.swift */,
			);
			path = Database;
			sourceTree = "<group>";
		};
		D1E588292C33ECD400F3E452 /* Register */ = {
			isa = PBXGroup;
			children = (
				D1E5882A2C33ECEC00F3E452 /* RegisterViewController.swift */,
				D1E5882C2C33ED7B00F3E452 /* RegisterView.swift */,
				D1E5882E2C33F08200F3E452 /* RegisterTableViewCell.swift */,
			);
			path = Register;
			sourceTree = "<group>";
		};
		D1E588302C33FC8800F3E452 /* Extension */ = {
			isa = PBXGroup;
			children = (
				D1E588312C33FC9400F3E452 /* Extension+UIViewController.swift */,
				D18A4F312C34CBAD0001D7E8 /* Extension+UIButton.swift */,
				D18A4F5F2C368E210001D7E8 /* Extension+FileManager.swift */,
			);
			path = Extension;
			sourceTree = "<group>";
		};
		D1E588392C34C28100F3E452 /* Enum */ = {
			isa = PBXGroup;
			children = (
				D1E5883A2C34C28A00F3E452 /* RegisterOptions.swift */,
				D18A4F402C3516E20001D7E8 /* CategoryList.swift */,
				D18A4F4F2C3539C00001D7E8 /* Priority.swift */,
			);
			path = Enum;
			sourceTree = "<group>";
		};
		D1E5883C2C34C77800F3E452 /* CategoryList */ = {
			isa = PBXGroup;
			children = (
				D1E5883D2C34C79100F3E452 /* CategoryListView.swift */,
				D18A4F2F2C34CA010001D7E8 /* CategoryListViewController.swift */,
				D18A4F3C2C34DFF10001D7E8 /* CategoryListCollectionViewCell.swift */,
			);
			path = CategoryList;
			sourceTree = "<group>";
		};
/* End PBXGroup section */

/* Begin PBXNativeTarget section */
		D1E587F52C33E28200F3E452 /* RealmDatabasePractice */ = {
			isa = PBXNativeTarget;
			buildConfigurationList = D1E5880A2C33E28300F3E452 /* Build configuration list for PBXNativeTarget "RealmDatabasePractice" */;
			buildPhases = (
				D1E587F22C33E28200F3E452 /* Sources */,
				D1E587F32C33E28200F3E452 /* Frameworks */,
				D1E587F42C33E28200F3E452 /* Resources */,
			);
			buildRules = (
			);
			dependencies = (
			);
			name = RealmDatabasePractice;
			packageProductDependencies = (
				D1E588162C33E58300F3E452 /* RealmSwift */,
				D1E588192C33E58E00F3E452 /* SnapKit */,
				D1E5881C2C33E5A000F3E452 /* Toast */,
				D18A4F672C36A3C90001D7E8 /* FSCalendar */,
			);
			productName = RealmDatabasePractice;
			productReference = D1E587F62C33E28200F3E452 /* RealmDatabasePractice.app */;
			productType = "com.apple.product-type.application";
		};
/* End PBXNativeTarget section */

/* Begin PBXProject section */
		D1E587EE2C33E28200F3E452 /* Project object */ = {
			isa = PBXProject;
			attributes = {
				BuildIndependentTargetsInParallel = 1;
				LastSwiftUpdateCheck = 1540;
				LastUpgradeCheck = 1540;
				TargetAttributes = {
					D1E587F52C33E28200F3E452 = {
						CreatedOnToolsVersion = 15.4;
					};
				};
			};
			buildConfigurationList = D1E587F12C33E28200F3E452 /* Build configuration list for PBXProject "RealmDatabasePractice" */;
			compatibilityVersion = "Xcode 14.0";
			developmentRegion = en;
			hasScannedForEncodings = 0;
			knownRegions = (
				en,
				Base,
			);
			mainGroup = D1E587ED2C33E28200F3E452;
			packageReferences = (
				D1E588152C33E58300F3E452 /* XCRemoteSwiftPackageReference "realm-swift" */,
				D1E588182C33E58E00F3E452 /* XCRemoteSwiftPackageReference "SnapKit" */,
				D1E5881B2C33E5A000F3E452 /* XCRemoteSwiftPackageReference "Toast-Swift" */,
				D18A4F662C36A3C90001D7E8 /* XCRemoteSwiftPackageReference "FSCalendar" */,
			);
			productRefGroup = D1E587F72C33E28200F3E452 /* Products */;
			projectDirPath = "";
			projectRoot = "";
			targets = (
				D1E587F52C33E28200F3E452 /* RealmDatabasePractice */,
			);
		};
/* End PBXProject section */

/* Begin PBXResourcesBuildPhase section */
		D1E587F42C33E28200F3E452 /* Resources */ = {
			isa = PBXResourcesBuildPhase;
			buildActionMask = 2147483647;
			files = (
				D1E588032C33E28300F3E452 /* Assets.xcassets in Resources */,
				D1E588062C33E28300F3E452 /* Base in Resources */,
			);
			runOnlyForDeploymentPostprocessing = 0;
		};
/* End PBXResourcesBuildPhase section */

/* Begin PBXSourcesBuildPhase section */
		D1E587F22C33E28200F3E452 /* Sources */ = {
			isa = PBXSourcesBuildPhase;
			buildActionMask = 2147483647;
			files = (
				D1E588382C3409EC00F3E452 /* DatePickerDelegate.swift in Sources */,
				D1E5883B2C34C28A00F3E452 /* RegisterOptions.swift in Sources */,
				D18A4F302C34CA010001D7E8 /* CategoryListViewController.swift in Sources */,
				D18A4F602C368E210001D7E8 /* Extension+FileManager.swift in Sources */,
				D1E5881F2C33E5B400F3E452 /* ListTableViewCell.swift in Sources */,
				D18A4F652C36A3740001D7E8 /* CalendarViewController.swift in Sources */,
				D1E5882B2C33ECEC00F3E452 /* RegisterViewController.swift in Sources */,
				D18A4F5C2C3671130001D7E8 /* TodoRepository.swift in Sources */,
				D18A4F4B2C3535A30001D7E8 /* BaseViewController.swift in Sources */,
				D18A4F4E2C3538FD0001D7E8 /* PriorityDelegate.swift in Sources */,
				D1E588362C34075900F3E452 /* DateViewController.swift in Sources */,
				D18A4F3F2C34E0540001D7E8 /* BaseCollectionViewCell.swift in Sources */,
				D18A4F322C34CBAD0001D7E8 /* Extension+UIButton.swift in Sources */,
				D1E587FE2C33E28200F3E452 /* ListViewController.swift in Sources */,
				D18A4F462C352CFC0001D7E8 /* TagDelegate.swift in Sources */,
				D1E587FA2C33E28200F3E452 /* AppDelegate.swift in Sources */,
				D18A4F532C35480B0001D7E8 /* DetailView.swift in Sources */,
				D1E588122C33E48500F3E452 /* ListView.swift in Sources */,
				D1E5882D2C33ED7B00F3E452 /* RegisterView.swift in Sources */,
				D1E588282C33E91000F3E452 /* RealmModel.swift in Sources */,
				D1E587FC2C33E28200F3E452 /* SceneDelegate.swift in Sources */,
				D18A4F632C36A3660001D7E8 /* CalendarView.swift in Sources */,
				D18A4F3D2C34DFF10001D7E8 /* CategoryListCollectionViewCell.swift in Sources */,
				D18A4F552C3548300001D7E8 /* DetailViewController.swift in Sources */,
				D1E588322C33FC9400F3E452 /* Extension+UIViewController.swift in Sources */,
				D1E588142C33E4EA00F3E452 /* BaseTableViewCell.swift in Sources */,
				D1E5883E2C34C79100F3E452 /* CategoryListView.swift in Sources */,
				D18A4F412C3516E20001D7E8 /* CategoryList.swift in Sources */,
				D18A4F502C3539C00001D7E8 /* Priority.swift in Sources */,
				D1E5880F2C33E41500F3E452 /* BaseView.swift in Sources */,
				D1E5882F2C33F08200F3E452 /* RegisterTableViewCell.swift in Sources */,
				D18A4F442C35289B0001D7E8 /* TagViewController.swift in Sources */,
				D18A4F342C34CD7D0001D7E8 /* CategoryListDelegate.swift in Sources */,
				D18A4F492C35356B0001D7E8 /* PriorityViewController.swift in Sources */,
				D1E588222C33E5CD00F3E452 /* ReuseIdentifier.swift in Sources */,
			);
			runOnlyForDeploymentPostprocessing = 0;
		};
/* End PBXSourcesBuildPhase section */

/* Begin PBXVariantGroup section */
		D1E588042C33E28300F3E452 /* LaunchScreen.storyboard */ = {
			isa = PBXVariantGroup;
			children = (
				D1E588052C33E28300F3E452 /* Base */,
			);
			name = LaunchScreen.storyboard;
			sourceTree = "<group>";
		};
/* End PBXVariantGroup section */

/* Begin XCBuildConfiguration section */
		D1E588082C33E28300F3E452 /* Debug */ = {
			isa = XCBuildConfiguration;
			buildSettings = {
				ALWAYS_SEARCH_USER_PATHS = NO;
				ASSETCATALOG_COMPILER_GENERATE_SWIFT_ASSET_SYMBOL_EXTENSIONS = YES;
				CLANG_ANALYZER_NONNULL = YES;
				CLANG_ANALYZER_NUMBER_OBJECT_CONVERSION = YES_AGGRESSIVE;
				CLANG_CXX_LANGUAGE_STANDARD = "gnu++20";
				CLANG_ENABLE_MODULES = YES;
				CLANG_ENABLE_OBJC_ARC = YES;
				CLANG_ENABLE_OBJC_WEAK = YES;
				CLANG_WARN_BLOCK_CAPTURE_AUTORELEASING = YES;
				CLANG_WARN_BOOL_CONVERSION = YES;
				CLANG_WARN_COMMA = YES;
				CLANG_WARN_CONSTANT_CONVERSION = YES;
				CLANG_WARN_DEPRECATED_OBJC_IMPLEMENTATIONS = YES;
				CLANG_WARN_DIRECT_OBJC_ISA_USAGE = YES_ERROR;
				CLANG_WARN_DOCUMENTATION_COMMENTS = YES;
				CLANG_WARN_EMPTY_BODY = YES;
				CLANG_WARN_ENUM_CONVERSION = YES;
				CLANG_WARN_INFINITE_RECURSION = YES;
				CLANG_WARN_INT_CONVERSION = YES;
				CLANG_WARN_NON_LITERAL_NULL_CONVERSION = YES;
				CLANG_WARN_OBJC_IMPLICIT_RETAIN_SELF = YES;
				CLANG_WARN_OBJC_LITERAL_CONVERSION = YES;
				CLANG_WARN_OBJC_ROOT_CLASS = YES_ERROR;
				CLANG_WARN_QUOTED_INCLUDE_IN_FRAMEWORK_HEADER = YES;
				CLANG_WARN_RANGE_LOOP_ANALYSIS = YES;
				CLANG_WARN_STRICT_PROTOTYPES = YES;
				CLANG_WARN_SUSPICIOUS_MOVE = YES;
				CLANG_WARN_UNGUARDED_AVAILABILITY = YES_AGGRESSIVE;
				CLANG_WARN_UNREACHABLE_CODE = YES;
				CLANG_WARN__DUPLICATE_METHOD_MATCH = YES;
				COPY_PHASE_STRIP = NO;
				DEBUG_INFORMATION_FORMAT = dwarf;
				ENABLE_STRICT_OBJC_MSGSEND = YES;
				ENABLE_TESTABILITY = YES;
				ENABLE_USER_SCRIPT_SANDBOXING = YES;
				GCC_C_LANGUAGE_STANDARD = gnu17;
				GCC_DYNAMIC_NO_PIC = NO;
				GCC_NO_COMMON_BLOCKS = YES;
				GCC_OPTIMIZATION_LEVEL = 0;
				GCC_PREPROCESSOR_DEFINITIONS = (
					"DEBUG=1",
					"$(inherited)",
				);
				GCC_WARN_64_TO_32_BIT_CONVERSION = YES;
				GCC_WARN_ABOUT_RETURN_TYPE = YES_ERROR;
				GCC_WARN_UNDECLARED_SELECTOR = YES;
				GCC_WARN_UNINITIALIZED_AUTOS = YES_AGGRESSIVE;
				GCC_WARN_UNUSED_FUNCTION = YES;
				GCC_WARN_UNUSED_VARIABLE = YES;
				IPHONEOS_DEPLOYMENT_TARGET = 17.5;
				LOCALIZATION_PREFERS_STRING_CATALOGS = YES;
				MTL_ENABLE_DEBUG_INFO = INCLUDE_SOURCE;
				MTL_FAST_MATH = YES;
				ONLY_ACTIVE_ARCH = YES;
				SDKROOT = iphoneos;
				SWIFT_ACTIVE_COMPILATION_CONDITIONS = "DEBUG $(inherited)";
				SWIFT_OPTIMIZATION_LEVEL = "-Onone";
			};
			name = Debug;
		};
		D1E588092C33E28300F3E452 /* Release */ = {
			isa = XCBuildConfiguration;
			buildSettings = {
				ALWAYS_SEARCH_USER_PATHS = NO;
				ASSETCATALOG_COMPILER_GENERATE_SWIFT_ASSET_SYMBOL_EXTENSIONS = YES;
				CLANG_ANALYZER_NONNULL = YES;
				CLANG_ANALYZER_NUMBER_OBJECT_CONVERSION = YES_AGGRESSIVE;
				CLANG_CXX_LANGUAGE_STANDARD = "gnu++20";
				CLANG_ENABLE_MODULES = YES;
				CLANG_ENABLE_OBJC_ARC = YES;
				CLANG_ENABLE_OBJC_WEAK = YES;
				CLANG_WARN_BLOCK_CAPTURE_AUTORELEASING = YES;
				CLANG_WARN_BOOL_CONVERSION = YES;
				CLANG_WARN_COMMA = YES;
				CLANG_WARN_CONSTANT_CONVERSION = YES;
				CLANG_WARN_DEPRECATED_OBJC_IMPLEMENTATIONS = YES;
				CLANG_WARN_DIRECT_OBJC_ISA_USAGE = YES_ERROR;
				CLANG_WARN_DOCUMENTATION_COMMENTS = YES;
				CLANG_WARN_EMPTY_BODY = YES;
				CLANG_WARN_ENUM_CONVERSION = YES;
				CLANG_WARN_INFINITE_RECURSION = YES;
				CLANG_WARN_INT_CONVERSION = YES;
				CLANG_WARN_NON_LITERAL_NULL_CONVERSION = YES;
				CLANG_WARN_OBJC_IMPLICIT_RETAIN_SELF = YES;
				CLANG_WARN_OBJC_LITERAL_CONVERSION = YES;
				CLANG_WARN_OBJC_ROOT_CLASS = YES_ERROR;
				CLANG_WARN_QUOTED_INCLUDE_IN_FRAMEWORK_HEADER = YES;
				CLANG_WARN_RANGE_LOOP_ANALYSIS = YES;
				CLANG_WARN_STRICT_PROTOTYPES = YES;
				CLANG_WARN_SUSPICIOUS_MOVE = YES;
				CLANG_WARN_UNGUARDED_AVAILABILITY = YES_AGGRESSIVE;
				CLANG_WARN_UNREACHABLE_CODE = YES;
				CLANG_WARN__DUPLICATE_METHOD_MATCH = YES;
				COPY_PHASE_STRIP = NO;
				DEBUG_INFORMATION_FORMAT = "dwarf-with-dsym";
				ENABLE_NS_ASSERTIONS = NO;
				ENABLE_STRICT_OBJC_MSGSEND = YES;
				ENABLE_USER_SCRIPT_SANDBOXING = YES;
				GCC_C_LANGUAGE_STANDARD = gnu17;
				GCC_NO_COMMON_BLOCKS = YES;
				GCC_WARN_64_TO_32_BIT_CONVERSION = YES;
				GCC_WARN_ABOUT_RETURN_TYPE = YES_ERROR;
				GCC_WARN_UNDECLARED_SELECTOR = YES;
				GCC_WARN_UNINITIALIZED_AUTOS = YES_AGGRESSIVE;
				GCC_WARN_UNUSED_FUNCTION = YES;
				GCC_WARN_UNUSED_VARIABLE = YES;
				IPHONEOS_DEPLOYMENT_TARGET = 17.5;
				LOCALIZATION_PREFERS_STRING_CATALOGS = YES;
				MTL_ENABLE_DEBUG_INFO = NO;
				MTL_FAST_MATH = YES;
				SDKROOT = iphoneos;
				SWIFT_COMPILATION_MODE = wholemodule;
				VALIDATE_PRODUCT = YES;
			};
			name = Release;
		};
		D1E5880B2C33E28300F3E452 /* Debug */ = {
			isa = XCBuildConfiguration;
			buildSettings = {
				ASSETCATALOG_COMPILER_APPICON_NAME = AppIcon;
				ASSETCATALOG_COMPILER_GLOBAL_ACCENT_COLOR_NAME = AccentColor;
				CODE_SIGN_STYLE = Automatic;
				CURRENT_PROJECT_VERSION = 1;
				GENERATE_INFOPLIST_FILE = YES;
				INFOPLIST_FILE = RealmDatabasePractice/Info.plist;
				INFOPLIST_KEY_UIApplicationSupportsIndirectInputEvents = YES;
				INFOPLIST_KEY_UILaunchStoryboardName = LaunchScreen;
				INFOPLIST_KEY_UISupportedInterfaceOrientations = UIInterfaceOrientationPortrait;
				INFOPLIST_KEY_UISupportedInterfaceOrientations_iPad = UIInterfaceOrientationPortrait;
				IPHONEOS_DEPLOYMENT_TARGET = 16.0;
				LD_RUNPATH_SEARCH_PATHS = (
					"$(inherited)",
					"@executable_path/Frameworks",
				);
				MARKETING_VERSION = 1.0;
				PRODUCT_BUNDLE_IDENTIFIER = Jo.RealmDatabasePractice;
				PRODUCT_NAME = "$(TARGET_NAME)";
				SUPPORTED_PLATFORMS = "iphoneos iphonesimulator";
				SUPPORTS_MACCATALYST = NO;
				SUPPORTS_MAC_DESIGNED_FOR_IPHONE_IPAD = NO;
				SUPPORTS_XR_DESIGNED_FOR_IPHONE_IPAD = NO;
				SWIFT_EMIT_LOC_STRINGS = YES;
				SWIFT_VERSION = 5.0;
				TARGETED_DEVICE_FAMILY = 1;
			};
			name = Debug;
		};
		D1E5880C2C33E28300F3E452 /* Release */ = {
			isa = XCBuildConfiguration;
			buildSettings = {
				ASSETCATALOG_COMPILER_APPICON_NAME = AppIcon;
				ASSETCATALOG_COMPILER_GLOBAL_ACCENT_COLOR_NAME = AccentColor;
				CODE_SIGN_STYLE = Automatic;
				CURRENT_PROJECT_VERSION = 1;
				GENERATE_INFOPLIST_FILE = YES;
				INFOPLIST_FILE = RealmDatabasePractice/Info.plist;
				INFOPLIST_KEY_UIApplicationSupportsIndirectInputEvents = YES;
				INFOPLIST_KEY_UILaunchStoryboardName = LaunchScreen;
				INFOPLIST_KEY_UISupportedInterfaceOrientations = UIInterfaceOrientationPortrait;
				INFOPLIST_KEY_UISupportedInterfaceOrientations_iPad = UIInterfaceOrientationPortrait;
				IPHONEOS_DEPLOYMENT_TARGET = 16.0;
				LD_RUNPATH_SEARCH_PATHS = (
					"$(inherited)",
					"@executable_path/Frameworks",
				);
				MARKETING_VERSION = 1.0;
				PRODUCT_BUNDLE_IDENTIFIER = Jo.RealmDatabasePractice;
				PRODUCT_NAME = "$(TARGET_NAME)";
				SUPPORTED_PLATFORMS = "iphoneos iphonesimulator";
				SUPPORTS_MACCATALYST = NO;
				SUPPORTS_MAC_DESIGNED_FOR_IPHONE_IPAD = NO;
				SUPPORTS_XR_DESIGNED_FOR_IPHONE_IPAD = NO;
				SWIFT_EMIT_LOC_STRINGS = YES;
				SWIFT_VERSION = 5.0;
				TARGETED_DEVICE_FAMILY = 1;
			};
			name = Release;
		};
/* End XCBuildConfiguration section */

/* Begin XCConfigurationList section */
		D1E587F12C33E28200F3E452 /* Build configuration list for PBXProject "RealmDatabasePractice" */ = {
			isa = XCConfigurationList;
			buildConfigurations = (
				D1E588082C33E28300F3E452 /* Debug */,
				D1E588092C33E28300F3E452 /* Release */,
			);
			defaultConfigurationIsVisible = 0;
			defaultConfigurationName = Release;
		};
		D1E5880A2C33E28300F3E452 /* Build configuration list for PBXNativeTarget "RealmDatabasePractice" */ = {
			isa = XCConfigurationList;
			buildConfigurations = (
				D1E5880B2C33E28300F3E452 /* Debug */,
				D1E5880C2C33E28300F3E452 /* Release */,
			);
			defaultConfigurationIsVisible = 0;
			defaultConfigurationName = Release;
		};
/* End XCConfigurationList section */

/* Begin XCRemoteSwiftPackageReference section */
		D18A4F662C36A3C90001D7E8 /* XCRemoteSwiftPackageReference "FSCalendar" */ = {
			isa = XCRemoteSwiftPackageReference;
			repositoryURL = "https://github.com/WenchaoD/FSCalendar.git";
			requirement = {
				kind = upToNextMajorVersion;
				minimumVersion = 2.8.4;
			};
		};
		D1E588152C33E58300F3E452 /* XCRemoteSwiftPackageReference "realm-swift" */ = {
			isa = XCRemoteSwiftPackageReference;
			repositoryURL = "https://github.com/realm/realm-swift.git";
			requirement = {
				kind = exactVersion;
				version = 10.52.1;
			};
		};
		D1E588182C33E58E00F3E452 /* XCRemoteSwiftPackageReference "SnapKit" */ = {
			isa = XCRemoteSwiftPackageReference;
			repositoryURL = "https://github.com/SnapKit/SnapKit.git";
			requirement = {
				kind = upToNextMajorVersion;
				minimumVersion = 5.7.1;
			};
		};
		D1E5881B2C33E5A000F3E452 /* XCRemoteSwiftPackageReference "Toast-Swift" */ = {
			isa = XCRemoteSwiftPackageReference;
			repositoryURL = "https://github.com/scalessec/Toast-Swift.git";
			requirement = {
				kind = upToNextMajorVersion;
				minimumVersion = 5.1.1;
			};
		};
/* End XCRemoteSwiftPackageReference section */

/* Begin XCSwiftPackageProductDependency section */
		D18A4F672C36A3C90001D7E8 /* FSCalendar */ = {
			isa = XCSwiftPackageProductDependency;
			package = D18A4F662C36A3C90001D7E8 /* XCRemoteSwiftPackageReference "FSCalendar" */;
			productName = FSCalendar;
		};
		D1E588162C33E58300F3E452 /* RealmSwift */ = {
			isa = XCSwiftPackageProductDependency;
			package = D1E588152C33E58300F3E452 /* XCRemoteSwiftPackageReference "realm-swift" */;
			productName = RealmSwift;
		};
		D1E588192C33E58E00F3E452 /* SnapKit */ = {
			isa = XCSwiftPackageProductDependency;
			package = D1E588182C33E58E00F3E452 /* XCRemoteSwiftPackageReference "SnapKit" */;
			productName = SnapKit;
		};
		D1E5881C2C33E5A000F3E452 /* Toast */ = {
			isa = XCSwiftPackageProductDependency;
			package = D1E5881B2C33E5A000F3E452 /* XCRemoteSwiftPackageReference "Toast-Swift" */;
			productName = Toast;
		};
/* End XCSwiftPackageProductDependency section */
	};
	rootObject = D1E587EE2C33E28200F3E452 /* Project object */;
}
